// !$*UTF8*$!
{
	archiveVersion = 1;
	classes = {
	};
	objectVersion = 56;
	objects = {

/* Begin PBXBuildFile section */
		10143BF04CE19BD8FD293F80 /* Pods_SwiftHeroes2024SwiftyMocky.framework in Frameworks */ = {isa = PBXBuildFile; fileRef = 8E00F933199609E62BE049DB /* Pods_SwiftHeroes2024SwiftyMocky.framework */; };
		B5C3989D2B56C2BE00C44508 /* SwiftHeroes2024SwiftyMocky.framework in Frameworks */ = {isa = PBXBuildFile; fileRef = B5C398942B56C2BD00C44508 /* SwiftHeroes2024SwiftyMocky.framework */; };
		B5C398A22B56C2BE00C44508 /* SwiftHeroes2024SwiftyMockyTests.swift in Sources */ = {isa = PBXBuildFile; fileRef = B5C398A12B56C2BE00C44508 /* SwiftHeroes2024SwiftyMockyTests.swift */; };
		B5C398A32B56C2BE00C44508 /* SwiftHeroes2024SwiftyMocky.h in Headers */ = {isa = PBXBuildFile; fileRef = B5C398972B56C2BD00C44508 /* SwiftHeroes2024SwiftyMocky.h */; settings = {ATTRIBUTES = (Public, ); }; };
		B5C398AE2B56C33900C44508 /* Presenter.swift in Sources */ = {isa = PBXBuildFile; fileRef = B5C398AD2B56C33900C44508 /* Presenter.swift */; };
		B5C398B02B56CB5100C44508 /* Mock.generated.swift in Sources */ = {isa = PBXBuildFile; fileRef = B5C398AF2B56CB5100C44508 /* Mock.generated.swift */; };
		D8706FF459A651F7EE500266 /* Pods_SwiftHeroes2024SwiftyMocky_SwiftHeroes2024SwiftyMockyTests.framework in Frameworks */ = {isa = PBXBuildFile; fileRef = 79E4A19464EAF6BE3510432C /* Pods_SwiftHeroes2024SwiftyMocky_SwiftHeroes2024SwiftyMockyTests.framework */; };
/* End PBXBuildFile section */

/* Begin PBXContainerItemProxy section */
		B5C3989E2B56C2BE00C44508 /* PBXContainerItemProxy */ = {
			isa = PBXContainerItemProxy;
			containerPortal = B5C3988B2B56C2BD00C44508 /* Project object */;
			proxyType = 1;
			remoteGlobalIDString = B5C398932B56C2BD00C44508;
			remoteInfo = SwiftHeroes2024SwiftyMocky;
		};
/* End PBXContainerItemProxy section */

/* Begin PBXFileReference section */
		6C20606BC8C03D7662A516FC /* Pods-SwiftHeroes2024SwiftyMocky-SwiftHeroes2024SwiftyMockyTests.debug.xcconfig */ = {isa = PBXFileReference; includeInIndex = 1; lastKnownFileType = text.xcconfig; name = "Pods-SwiftHeroes2024SwiftyMocky-SwiftHeroes2024SwiftyMockyTests.debug.xcconfig"; path = "Target Support Files/Pods-SwiftHeroes2024SwiftyMocky-SwiftHeroes2024SwiftyMockyTests/Pods-SwiftHeroes2024SwiftyMocky-SwiftHeroes2024SwiftyMockyTests.debug.xcconfig"; sourceTree = "<group>"; };
		79E4A19464EAF6BE3510432C /* Pods_SwiftHeroes2024SwiftyMocky_SwiftHeroes2024SwiftyMockyTests.framework */ = {isa = PBXFileReference; explicitFileType = wrapper.framework; includeInIndex = 0; path = Pods_SwiftHeroes2024SwiftyMocky_SwiftHeroes2024SwiftyMockyTests.framework; sourceTree = BUILT_PRODUCTS_DIR; };
		8E00F933199609E62BE049DB /* Pods_SwiftHeroes2024SwiftyMocky.framework */ = {isa = PBXFileReference; explicitFileType = wrapper.framework; includeInIndex = 0; path = Pods_SwiftHeroes2024SwiftyMocky.framework; sourceTree = BUILT_PRODUCTS_DIR; };
		9411186CC4136D1CD05F4C39 /* Pods-SwiftHeroes2024SwiftyMocky.release.xcconfig */ = {isa = PBXFileReference; includeInIndex = 1; lastKnownFileType = text.xcconfig; name = "Pods-SwiftHeroes2024SwiftyMocky.release.xcconfig"; path = "Target Support Files/Pods-SwiftHeroes2024SwiftyMocky/Pods-SwiftHeroes2024SwiftyMocky.release.xcconfig"; sourceTree = "<group>"; };
		B5C398942B56C2BD00C44508 /* SwiftHeroes2024SwiftyMocky.framework */ = {isa = PBXFileReference; explicitFileType = wrapper.framework; includeInIndex = 0; path = SwiftHeroes2024SwiftyMocky.framework; sourceTree = BUILT_PRODUCTS_DIR; };
		B5C398972B56C2BD00C44508 /* SwiftHeroes2024SwiftyMocky.h */ = {isa = PBXFileReference; lastKnownFileType = sourcecode.c.h; path = SwiftHeroes2024SwiftyMocky.h; sourceTree = "<group>"; };
		B5C3989C2B56C2BD00C44508 /* SwiftHeroes2024SwiftyMockyTests.xctest */ = {isa = PBXFileReference; explicitFileType = wrapper.cfbundle; includeInIndex = 0; path = SwiftHeroes2024SwiftyMockyTests.xctest; sourceTree = BUILT_PRODUCTS_DIR; };
		B5C398A12B56C2BE00C44508 /* SwiftHeroes2024SwiftyMockyTests.swift */ = {isa = PBXFileReference; lastKnownFileType = sourcecode.swift; path = SwiftHeroes2024SwiftyMockyTests.swift; sourceTree = "<group>"; };
		B5C398AD2B56C33900C44508 /* Presenter.swift */ = {isa = PBXFileReference; lastKnownFileType = sourcecode.swift; path = Presenter.swift; sourceTree = "<group>"; };
		B5C398AF2B56CB5100C44508 /* Mock.generated.swift */ = {isa = PBXFileReference; lastKnownFileType = sourcecode.swift; path = Mock.generated.swift; sourceTree = "<group>"; };
		DD820CF27F767A792A308442 /* Pods-SwiftHeroes2024SwiftyMocky-SwiftHeroes2024SwiftyMockyTests.release.xcconfig */ = {isa = PBXFileReference; includeInIndex = 1; lastKnownFileType = text.xcconfig; name = "Pods-SwiftHeroes2024SwiftyMocky-SwiftHeroes2024SwiftyMockyTests.release.xcconfig"; path = "Target Support Files/Pods-SwiftHeroes2024SwiftyMocky-SwiftHeroes2024SwiftyMockyTests/Pods-SwiftHeroes2024SwiftyMocky-SwiftHeroes2024SwiftyMockyTests.release.xcconfig"; sourceTree = "<group>"; };
		E8C891928416E44771C0C168 /* Pods-SwiftHeroes2024SwiftyMocky.debug.xcconfig */ = {isa = PBXFileReference; includeInIndex = 1; lastKnownFileType = text.xcconfig; name = "Pods-SwiftHeroes2024SwiftyMocky.debug.xcconfig"; path = "Target Support Files/Pods-SwiftHeroes2024SwiftyMocky/Pods-SwiftHeroes2024SwiftyMocky.debug.xcconfig"; sourceTree = "<group>"; };
/* End PBXFileReference section */

/* Begin PBXFrameworksBuildPhase section */
		B5C398912B56C2BD00C44508 /* Frameworks */ = {
			isa = PBXFrameworksBuildPhase;
			buildActionMask = 2147483647;
			files = (
				10143BF04CE19BD8FD293F80 /* Pods_SwiftHeroes2024SwiftyMocky.framework in Frameworks */,
			);
			runOnlyForDeploymentPostprocessing = 0;
		};
		B5C398992B56C2BD00C44508 /* Frameworks */ = {
			isa = PBXFrameworksBuildPhase;
			buildActionMask = 2147483647;
			files = (
				B5C3989D2B56C2BE00C44508 /* SwiftHeroes2024SwiftyMocky.framework in Frameworks */,
				D8706FF459A651F7EE500266 /* Pods_SwiftHeroes2024SwiftyMocky_SwiftHeroes2024SwiftyMockyTests.framework in Frameworks */,
			);
			runOnlyForDeploymentPostprocessing = 0;
		};
/* End PBXFrameworksBuildPhase section */

/* Begin PBXGroup section */
		187A66C1B5D9A7071BA8A87E /* Frameworks */ = {
			isa = PBXGroup;
			children = (
				8E00F933199609E62BE049DB /* Pods_SwiftHeroes2024SwiftyMocky.framework */,
				79E4A19464EAF6BE3510432C /* Pods_SwiftHeroes2024SwiftyMocky_SwiftHeroes2024SwiftyMockyTests.framework */,
			);
			name = Frameworks;
			sourceTree = "<group>";
		};
		63A981A78E914841508FF58A /* Pods */ = {
			isa = PBXGroup;
			children = (
				E8C891928416E44771C0C168 /* Pods-SwiftHeroes2024SwiftyMocky.debug.xcconfig */,
				9411186CC4136D1CD05F4C39 /* Pods-SwiftHeroes2024SwiftyMocky.release.xcconfig */,
				6C20606BC8C03D7662A516FC /* Pods-SwiftHeroes2024SwiftyMocky-SwiftHeroes2024SwiftyMockyTests.debug.xcconfig */,
				DD820CF27F767A792A308442 /* Pods-SwiftHeroes2024SwiftyMocky-SwiftHeroes2024SwiftyMockyTests.release.xcconfig */,
			);
			path = Pods;
			sourceTree = "<group>";
		};
		B5C3988A2B56C2BD00C44508 = {
			isa = PBXGroup;
			children = (
				B5C398962B56C2BD00C44508 /* SwiftHeroes2024SwiftyMocky */,
				B5C398A02B56C2BE00C44508 /* SwiftHeroes2024SwiftyMockyTests */,
				B5C398952B56C2BD00C44508 /* Products */,
				63A981A78E914841508FF58A /* Pods */,
				187A66C1B5D9A7071BA8A87E /* Frameworks */,
			);
			sourceTree = "<group>";
		};
		B5C398952B56C2BD00C44508 /* Products */ = {
			isa = PBXGroup;
			children = (
				B5C398942B56C2BD00C44508 /* SwiftHeroes2024SwiftyMocky.framework */,
				B5C3989C2B56C2BD00C44508 /* SwiftHeroes2024SwiftyMockyTests.xctest */,
			);
			name = Products;
			sourceTree = "<group>";
		};
		B5C398962B56C2BD00C44508 /* SwiftHeroes2024SwiftyMocky */ = {
			isa = PBXGroup;
			children = (
				B5C398972B56C2BD00C44508 /* SwiftHeroes2024SwiftyMocky.h */,
				B5C398AD2B56C33900C44508 /* Presenter.swift */,
			);
			path = SwiftHeroes2024SwiftyMocky;
			sourceTree = "<group>";
		};
		B5C398A02B56C2BE00C44508 /* SwiftHeroes2024SwiftyMockyTests */ = {
			isa = PBXGroup;
			children = (
				B5C398A12B56C2BE00C44508 /* SwiftHeroes2024SwiftyMockyTests.swift */,
				B5C398AF2B56CB5100C44508 /* Mock.generated.swift */,
			);
			path = SwiftHeroes2024SwiftyMockyTests;
			sourceTree = "<group>";
		};
/* End PBXGroup section */

/* Begin PBXHeadersBuildPhase section */
		B5C3988F2B56C2BD00C44508 /* Headers */ = {
			isa = PBXHeadersBuildPhase;
			buildActionMask = 2147483647;
			files = (
				B5C398A32B56C2BE00C44508 /* SwiftHeroes2024SwiftyMocky.h in Headers */,
			);
			runOnlyForDeploymentPostprocessing = 0;
		};
/* End PBXHeadersBuildPhase section */

/* Begin PBXNativeTarget section */
		B5C398932B56C2BD00C44508 /* SwiftHeroes2024SwiftyMocky */ = {
			isa = PBXNativeTarget;
			buildConfigurationList = B5C398A62B56C2BE00C44508 /* Build configuration list for PBXNativeTarget "SwiftHeroes2024SwiftyMocky" */;
			buildPhases = (
				234707200037A0ED670C809C /* [CP] Check Pods Manifest.lock */,
				B5C3988F2B56C2BD00C44508 /* Headers */,
				B5C398902B56C2BD00C44508 /* Sources */,
				B5C398912B56C2BD00C44508 /* Frameworks */,
				B5C398922B56C2BD00C44508 /* Resources */,
			);
			buildRules = (
			);
			dependencies = (
			);
			name = SwiftHeroes2024SwiftyMocky;
			productName = SwiftHeroes2024SwiftyMocky;
			productReference = B5C398942B56C2BD00C44508 /* SwiftHeroes2024SwiftyMocky.framework */;
			productType = "com.apple.product-type.framework";
		};
		B5C3989B2B56C2BD00C44508 /* SwiftHeroes2024SwiftyMockyTests */ = {
			isa = PBXNativeTarget;
			buildConfigurationList = B5C398A92B56C2BE00C44508 /* Build configuration list for PBXNativeTarget "SwiftHeroes2024SwiftyMockyTests" */;
			buildPhases = (
				BF54A2661BCF60A8AFD467B7 /* [CP] Check Pods Manifest.lock */,
				B5C398982B56C2BD00C44508 /* Sources */,
				B5C398992B56C2BD00C44508 /* Frameworks */,
				B5C3989A2B56C2BD00C44508 /* Resources */,
				F98CCE24D5E35541BF5C98AC /* [CP] Embed Pods Frameworks */,
			);
			buildRules = (
			);
			dependencies = (
				B5C3989F2B56C2BE00C44508 /* PBXTargetDependency */,
			);
			name = SwiftHeroes2024SwiftyMockyTests;
			productName = SwiftHeroes2024SwiftyMockyTests;
			productReference = B5C3989C2B56C2BD00C44508 /* SwiftHeroes2024SwiftyMockyTests.xctest */;
			productType = "com.apple.product-type.bundle.unit-test";
		};
/* End PBXNativeTarget section */

/* Begin PBXProject section */
		B5C3988B2B56C2BD00C44508 /* Project object */ = {
			isa = PBXProject;
			attributes = {
				BuildIndependentTargetsInParallel = 1;
				LastSwiftUpdateCheck = 1510;
				LastUpgradeCheck = 1510;
				TargetAttributes = {
					B5C398932B56C2BD00C44508 = {
						CreatedOnToolsVersion = 15.1;
						LastSwiftMigration = 1510;
					};
					B5C3989B2B56C2BD00C44508 = {
						CreatedOnToolsVersion = 15.1;
					};
				};
			};
			buildConfigurationList = B5C3988E2B56C2BD00C44508 /* Build configuration list for PBXProject "SwiftHeroes2024SwiftyMocky" */;
			compatibilityVersion = "Xcode 14.0";
			developmentRegion = en;
			hasScannedForEncodings = 0;
			knownRegions = (
				en,
				Base,
			);
			mainGroup = B5C3988A2B56C2BD00C44508;
			productRefGroup = B5C398952B56C2BD00C44508 /* Products */;
			projectDirPath = "";
			projectRoot = "";
			targets = (
				B5C398932B56C2BD00C44508 /* SwiftHeroes2024SwiftyMocky */,
				B5C3989B2B56C2BD00C44508 /* SwiftHeroes2024SwiftyMockyTests */,
			);
		};
/* End PBXProject section */

/* Begin PBXResourcesBuildPhase section */
		B5C398922B56C2BD00C44508 /* Resources */ = {
			isa = PBXResourcesBuildPhase;
			buildActionMask = 2147483647;
			files = (
			);
			runOnlyForDeploymentPostprocessing = 0;
		};
		B5C3989A2B56C2BD00C44508 /* Resources */ = {
			isa = PBXResourcesBuildPhase;
			buildActionMask = 2147483647;
			files = (
			);
			runOnlyForDeploymentPostprocessing = 0;
		};
/* End PBXResourcesBuildPhase section */

/* Begin PBXShellScriptBuildPhase section */
		234707200037A0ED670C809C /* [CP] Check Pods Manifest.lock */ = {
			isa = PBXShellScriptBuildPhase;
			buildActionMask = 2147483647;
			files = (
			);
			inputFileListPaths = (
			);
			inputPaths = (
				"${PODS_PODFILE_DIR_PATH}/Podfile.lock",
				"${PODS_ROOT}/Manifest.lock",
			);
			name = "[CP] Check Pods Manifest.lock";
			outputFileListPaths = (
			);
			outputPaths = (
				"$(DERIVED_FILE_DIR)/Pods-SwiftHeroes2024SwiftyMocky-checkManifestLockResult.txt",
			);
			runOnlyForDeploymentPostprocessing = 0;
			shellPath = /bin/sh;
			shellScript = "diff \"${PODS_PODFILE_DIR_PATH}/Podfile.lock\" \"${PODS_ROOT}/Manifest.lock\" > /dev/null\nif [ $? != 0 ] ; then\n    # print error to STDERR\n    echo \"error: The sandbox is not in sync with the Podfile.lock. Run 'pod install' or update your CocoaPods installation.\" >&2\n    exit 1\nfi\n# This output is used by Xcode 'outputs' to avoid re-running this script phase.\necho \"SUCCESS\" > \"${SCRIPT_OUTPUT_FILE_0}\"\n";
			showEnvVarsInLog = 0;
		};
		BF54A2661BCF60A8AFD467B7 /* [CP] Check Pods Manifest.lock */ = {
			isa = PBXShellScriptBuildPhase;
			buildActionMask = 2147483647;
			files = (
			);
			inputFileListPaths = (
			);
			inputPaths = (
				"${PODS_PODFILE_DIR_PATH}/Podfile.lock",
				"${PODS_ROOT}/Manifest.lock",
			);
			name = "[CP] Check Pods Manifest.lock";
			outputFileListPaths = (
			);
			outputPaths = (
				"$(DERIVED_FILE_DIR)/Pods-SwiftHeroes2024SwiftyMocky-SwiftHeroes2024SwiftyMockyTests-checkManifestLockResult.txt",
			);
			runOnlyForDeploymentPostprocessing = 0;
			shellPath = /bin/sh;
			shellScript = "diff \"${PODS_PODFILE_DIR_PATH}/Podfile.lock\" \"${PODS_ROOT}/Manifest.lock\" > /dev/null\nif [ $? != 0 ] ; then\n    # print error to STDERR\n    echo \"error: The sandbox is not in sync with the Podfile.lock. Run 'pod install' or update your CocoaPods installation.\" >&2\n    exit 1\nfi\n# This output is used by Xcode 'outputs' to avoid re-running this script phase.\necho \"SUCCESS\" > \"${SCRIPT_OUTPUT_FILE_0}\"\n";
			showEnvVarsInLog = 0;
		};
		F98CCE24D5E35541BF5C98AC /* [CP] Embed Pods Frameworks */ = {
			isa = PBXShellScriptBuildPhase;
			buildActionMask = 2147483647;
			files = (
			);
			inputFileListPaths = (
				"${PODS_ROOT}/Target Support Files/Pods-SwiftHeroes2024SwiftyMocky-SwiftHeroes2024SwiftyMockyTests/Pods-SwiftHeroes2024SwiftyMocky-SwiftHeroes2024SwiftyMockyTests-frameworks-${CONFIGURATION}-input-files.xcfilelist",
			);
			name = "[CP] Embed Pods Frameworks";
			outputFileListPaths = (
				"${PODS_ROOT}/Target Support Files/Pods-SwiftHeroes2024SwiftyMocky-SwiftHeroes2024SwiftyMockyTests/Pods-SwiftHeroes2024SwiftyMocky-SwiftHeroes2024SwiftyMockyTests-frameworks-${CONFIGURATION}-output-files.xcfilelist",
			);
			runOnlyForDeploymentPostprocessing = 0;
			shellPath = /bin/sh;
			shellScript = "\"${PODS_ROOT}/Target Support Files/Pods-SwiftHeroes2024SwiftyMocky-SwiftHeroes2024SwiftyMockyTests/Pods-SwiftHeroes2024SwiftyMocky-SwiftHeroes2024SwiftyMockyTests-frameworks.sh\"\n";
			showEnvVarsInLog = 0;
		};
/* End PBXShellScriptBuildPhase section */

/* Begin PBXSourcesBuildPhase section */
		B5C398902B56C2BD00C44508 /* Sources */ = {
			isa = PBXSourcesBuildPhase;
			buildActionMask = 2147483647;
			files = (
				B5C398AE2B56C33900C44508 /* Presenter.swift in Sources */,
			);
			runOnlyForDeploymentPostprocessing = 0;
		};
		B5C398982B56C2BD00C44508 /* Sources */ = {
			isa = PBXSourcesBuildPhase;
			buildActionMask = 2147483647;
			files = (
				B5C398B02B56CB5100C44508 /* Mock.generated.swift in Sources */,
				B5C398A22B56C2BE00C44508 /* SwiftHeroes2024SwiftyMockyTests.swift in Sources */,
			);
			runOnlyForDeploymentPostprocessing = 0;
		};
/* End PBXSourcesBuildPhase section */

/* Begin PBXTargetDependency section */
		B5C3989F2B56C2BE00C44508 /* PBXTargetDependency */ = {
			isa = PBXTargetDependency;
			target = B5C398932B56C2BD00C44508 /* SwiftHeroes2024SwiftyMocky */;
			targetProxy = B5C3989E2B56C2BE00C44508 /* PBXContainerItemProxy */;
		};
/* End PBXTargetDependency section */

/* Begin XCBuildConfiguration section */
		B5C398A42B56C2BE00C44508 /* Debug */ = {
			isa = XCBuildConfiguration;
			buildSettings = {
				ALWAYS_SEARCH_USER_PATHS = NO;
				ASSETCATALOG_COMPILER_GENERATE_SWIFT_ASSET_SYMBOL_EXTENSIONS = YES;
				CLANG_ANALYZER_NONNULL = YES;
				CLANG_ANALYZER_NUMBER_OBJECT_CONVERSION = YES_AGGRESSIVE;
				CLANG_CXX_LANGUAGE_STANDARD = "gnu++20";
				CLANG_ENABLE_MODULES = YES;
				CLANG_ENABLE_OBJC_ARC = YES;
				CLANG_ENABLE_OBJC_WEAK = YES;
				CLANG_WARN_BLOCK_CAPTURE_AUTORELEASING = YES;
				CLANG_WARN_BOOL_CONVERSION = YES;
				CLANG_WARN_COMMA = YES;
				CLANG_WARN_CONSTANT_CONVERSION = YES;
				CLANG_WARN_DEPRECATED_OBJC_IMPLEMENTATIONS = YES;
				CLANG_WARN_DIRECT_OBJC_ISA_USAGE = YES_ERROR;
				CLANG_WARN_DOCUMENTATION_COMMENTS = YES;
				CLANG_WARN_EMPTY_BODY = YES;
				CLANG_WARN_ENUM_CONVERSION = YES;
				CLANG_WARN_INFINITE_RECURSION = YES;
				CLANG_WARN_INT_CONVERSION = YES;
				CLANG_WARN_NON_LITERAL_NULL_CONVERSION = YES;
				CLANG_WARN_OBJC_IMPLICIT_RETAIN_SELF = YES;
				CLANG_WARN_OBJC_LITERAL_CONVERSION = YES;
				CLANG_WARN_OBJC_ROOT_CLASS = YES_ERROR;
				CLANG_WARN_QUOTED_INCLUDE_IN_FRAMEWORK_HEADER = YES;
				CLANG_WARN_RANGE_LOOP_ANALYSIS = YES;
				CLANG_WARN_STRICT_PROTOTYPES = YES;
				CLANG_WARN_SUSPICIOUS_MOVE = YES;
				CLANG_WARN_UNGUARDED_AVAILABILITY = YES_AGGRESSIVE;
				CLANG_WARN_UNREACHABLE_CODE = YES;
				CLANG_WARN__DUPLICATE_METHOD_MATCH = YES;
				COPY_PHASE_STRIP = NO;
				CURRENT_PROJECT_VERSION = 1;
				DEBUG_INFORMATION_FORMAT = dwarf;
				ENABLE_STRICT_OBJC_MSGSEND = YES;
				ENABLE_TESTABILITY = YES;
				ENABLE_USER_SCRIPT_SANDBOXING = YES;
				GCC_C_LANGUAGE_STANDARD = gnu17;
				GCC_DYNAMIC_NO_PIC = NO;
				GCC_NO_COMMON_BLOCKS = YES;
				GCC_OPTIMIZATION_LEVEL = 0;
				GCC_PREPROCESSOR_DEFINITIONS = (
					"DEBUG=1",
					"$(inherited)",
				);
				GCC_WARN_64_TO_32_BIT_CONVERSION = YES;
				GCC_WARN_ABOUT_RETURN_TYPE = YES_ERROR;
				GCC_WARN_UNDECLARED_SELECTOR = YES;
				GCC_WARN_UNINITIALIZED_AUTOS = YES_AGGRESSIVE;
				GCC_WARN_UNUSED_FUNCTION = YES;
				GCC_WARN_UNUSED_VARIABLE = YES;
				IPHONEOS_DEPLOYMENT_TARGET = 17.2;
				LOCALIZATION_PREFERS_STRING_CATALOGS = YES;
				MTL_ENABLE_DEBUG_INFO = INCLUDE_SOURCE;
				MTL_FAST_MATH = YES;
				ONLY_ACTIVE_ARCH = YES;
				SDKROOT = iphoneos;
				SWIFT_ACTIVE_COMPILATION_CONDITIONS = "DEBUG $(inherited)";
				SWIFT_OPTIMIZATION_LEVEL = "-Onone";
				VERSIONING_SYSTEM = "apple-generic";
				VERSION_INFO_PREFIX = "";
			};
			name = Debug;
		};
		B5C398A52B56C2BE00C44508 /* Release */ = {
			isa = XCBuildConfiguration;
			buildSettings = {
				ALWAYS_SEARCH_USER_PATHS = NO;
				ASSETCATALOG_COMPILER_GENERATE_SWIFT_ASSET_SYMBOL_EXTENSIONS = YES;
				CLANG_ANALYZER_NONNULL = YES;
				CLANG_ANALYZER_NUMBER_OBJECT_CONVERSION = YES_AGGRESSIVE;
				CLANG_CXX_LANGUAGE_STANDARD = "gnu++20";
				CLANG_ENABLE_MODULES = YES;
				CLANG_ENABLE_OBJC_ARC = YES;
				CLANG_ENABLE_OBJC_WEAK = YES;
				CLANG_WARN_BLOCK_CAPTURE_AUTORELEASING = YES;
				CLANG_WARN_BOOL_CONVERSION = YES;
				CLANG_WARN_COMMA = YES;
				CLANG_WARN_CONSTANT_CONVERSION = YES;
				CLANG_WARN_DEPRECATED_OBJC_IMPLEMENTATIONS = YES;
				CLANG_WARN_DIRECT_OBJC_ISA_USAGE = YES_ERROR;
				CLANG_WARN_DOCUMENTATION_COMMENTS = YES;
				CLANG_WARN_EMPTY_BODY = YES;
				CLANG_WARN_ENUM_CONVERSION = YES;
				CLANG_WARN_INFINITE_RECURSION = YES;
				CLANG_WARN_INT_CONVERSION = YES;
				CLANG_WARN_NON_LITERAL_NULL_CONVERSION = YES;
				CLANG_WARN_OBJC_IMPLICIT_RETAIN_SELF = YES;
				CLANG_WARN_OBJC_LITERAL_CONVERSION = YES;
				CLANG_WARN_OBJC_ROOT_CLASS = YES_ERROR;
				CLANG_WARN_QUOTED_INCLUDE_IN_FRAMEWORK_HEADER = YES;
				CLANG_WARN_RANGE_LOOP_ANALYSIS = YES;
				CLANG_WARN_STRICT_PROTOTYPES = YES;
				CLANG_WARN_SUSPICIOUS_MOVE = YES;
				CLANG_WARN_UNGUARDED_AVAILABILITY = YES_AGGRESSIVE;
				CLANG_WARN_UNREACHABLE_CODE = YES;
				CLANG_WARN__DUPLICATE_METHOD_MATCH = YES;
				COPY_PHASE_STRIP = NO;
				CURRENT_PROJECT_VERSION = 1;
				DEBUG_INFORMATION_FORMAT = "dwarf-with-dsym";
				ENABLE_NS_ASSERTIONS = NO;
				ENABLE_STRICT_OBJC_MSGSEND = YES;
				ENABLE_USER_SCRIPT_SANDBOXING = YES;
				GCC_C_LANGUAGE_STANDARD = gnu17;
				GCC_NO_COMMON_BLOCKS = YES;
				GCC_WARN_64_TO_32_BIT_CONVERSION = YES;
				GCC_WARN_ABOUT_RETURN_TYPE = YES_ERROR;
				GCC_WARN_UNDECLARED_SELECTOR = YES;
				GCC_WARN_UNINITIALIZED_AUTOS = YES_AGGRESSIVE;
				GCC_WARN_UNUSED_FUNCTION = YES;
				GCC_WARN_UNUSED_VARIABLE = YES;
				IPHONEOS_DEPLOYMENT_TARGET = 17.2;
				LOCALIZATION_PREFERS_STRING_CATALOGS = YES;
				MTL_ENABLE_DEBUG_INFO = NO;
				MTL_FAST_MATH = YES;
				SDKROOT = iphoneos;
				SWIFT_COMPILATION_MODE = wholemodule;
				VALIDATE_PRODUCT = YES;
				VERSIONING_SYSTEM = "apple-generic";
				VERSION_INFO_PREFIX = "";
			};
			name = Release;
		};
		B5C398A72B56C2BE00C44508 /* Debug */ = {
			isa = XCBuildConfiguration;
			baseConfigurationReference = E8C891928416E44771C0C168 /* Pods-SwiftHeroes2024SwiftyMocky.debug.xcconfig */;
			buildSettings = {
				CLANG_ENABLE_MODULES = YES;
				CODE_SIGN_STYLE = Automatic;
				CURRENT_PROJECT_VERSION = 1;
				DEFINES_MODULE = YES;
				DEVELOPMENT_TEAM = DRCZWRY3RN;
				DYLIB_COMPATIBILITY_VERSION = 1;
				DYLIB_CURRENT_VERSION = 1;
				DYLIB_INSTALL_NAME_BASE = "@rpath";
				ENABLE_MODULE_VERIFIER = YES;
				ENABLE_USER_SCRIPT_SANDBOXING = NO;
				GENERATE_INFOPLIST_FILE = YES;
				INFOPLIST_KEY_NSHumanReadableCopyright = "";
				INSTALL_PATH = "$(LOCAL_LIBRARY_DIR)/Frameworks";
				LD_RUNPATH_SEARCH_PATHS = (
					"$(inherited)",
					"@executable_path/Frameworks",
					"@loader_path/Frameworks",
				);
				MARKETING_VERSION = 1.0;
				MODULE_VERIFIER_SUPPORTED_LANGUAGES = "objective-c objective-c++";
				MODULE_VERIFIER_SUPPORTED_LANGUAGE_STANDARDS = "gnu17 gnu++20";
				PRODUCT_BUNDLE_IDENTIFIER = com.davidetamiazzo.SwiftHeroes2024SwiftyMocky;
				PRODUCT_NAME = "$(TARGET_NAME:c99extidentifier)";
				SKIP_INSTALL = YES;
				SWIFT_EMIT_LOC_STRINGS = YES;
				SWIFT_OPTIMIZATION_LEVEL = "-Onone";
				SWIFT_VERSION = 5.0;
				TARGETED_DEVICE_FAMILY = "1,2";
			};
			name = Debug;
		};
		B5C398A82B56C2BE00C44508 /* Release */ = {
			isa = XCBuildConfiguration;
			baseConfigurationReference = 9411186CC4136D1CD05F4C39 /* Pods-SwiftHeroes2024SwiftyMocky.release.xcconfig */;
			buildSettings = {
				CLANG_ENABLE_MODULES = YES;
				CODE_SIGN_STYLE = Automatic;
				CURRENT_PROJECT_VERSION = 1;
				DEFINES_MODULE = YES;
				DEVELOPMENT_TEAM = DRCZWRY3RN;
				DYLIB_COMPATIBILITY_VERSION = 1;
				DYLIB_CURRENT_VERSION = 1;
				DYLIB_INSTALL_NAME_BASE = "@rpath";
				ENABLE_MODULE_VERIFIER = YES;
				ENABLE_USER_SCRIPT_SANDBOXING = NO;
				GENERATE_INFOPLIST_FILE = YES;
				INFOPLIST_KEY_NSHumanReadableCopyright = "";
				INSTALL_PATH = "$(LOCAL_LIBRARY_DIR)/Frameworks";
				LD_RUNPATH_SEARCH_PATHS = (
					"$(inherited)",
					"@executable_path/Frameworks",
					"@loader_path/Frameworks",
				);
				MARKETING_VERSION = 1.0;
				MODULE_VERIFIER_SUPPORTED_LANGUAGES = "objective-c objective-c++";
				MODULE_VERIFIER_SUPPORTED_LANGUAGE_STANDARDS = "gnu17 gnu++20";
				PRODUCT_BUNDLE_IDENTIFIER = com.davidetamiazzo.SwiftHeroes2024SwiftyMocky;
				PRODUCT_NAME = "$(TARGET_NAME:c99extidentifier)";
				SKIP_INSTALL = YES;
				SWIFT_EMIT_LOC_STRINGS = YES;
				SWIFT_VERSION = 5.0;
				TARGETED_DEVICE_FAMILY = "1,2";
			};
			name = Release;
		};
		B5C398AA2B56C2BE00C44508 /* Debug */ = {
			isa = XCBuildConfiguration;
			baseConfigurationReference = 6C20606BC8C03D7662A516FC /* Pods-SwiftHeroes2024SwiftyMocky-SwiftHeroes2024SwiftyMockyTests.debug.xcconfig */;
			buildSettings = {
				ALWAYS_EMBED_SWIFT_STANDARD_LIBRARIES = YES;
				CODE_SIGN_STYLE = Automatic;
				CURRENT_PROJECT_VERSION = 1;
				DEVELOPMENT_TEAM = DRCZWRY3RN;
				ENABLE_USER_SCRIPT_SANDBOXING = NO;
				GENERATE_INFOPLIST_FILE = YES;
				MARKETING_VERSION = 1.0;
				PRODUCT_BUNDLE_IDENTIFIER = com.davidetamiazzo.SwiftHeroes2024SwiftyMockyTests;
				PRODUCT_NAME = "$(TARGET_NAME)";
				SWIFT_EMIT_LOC_STRINGS = NO;
				SWIFT_VERSION = 5.0;
				TARGETED_DEVICE_FAMILY = "1,2";
			};
			name = Debug;
		};
		B5C398AB2B56C2BE00C44508 /* Release */ = {
			isa = XCBuildConfiguration;
			baseConfigurationReference = DD820CF27F767A792A308442 /* Pods-SwiftHeroes2024SwiftyMocky-SwiftHeroes2024SwiftyMockyTests.release.xcconfig */;
			buildSettings = {
				ALWAYS_EMBED_SWIFT_STANDARD_LIBRARIES = YES;
				CODE_SIGN_STYLE = Automatic;
				CURRENT_PROJECT_VERSION = 1;
				DEVELOPMENT_TEAM = DRCZWRY3RN;
				ENABLE_USER_SCRIPT_SANDBOXING = NO;
				GENERATE_INFOPLIST_FILE = YES;
				MARKETING_VERSION = 1.0;
				PRODUCT_BUNDLE_IDENTIFIER = com.davidetamiazzo.SwiftHeroes2024SwiftyMockyTests;
				PRODUCT_NAME = "$(TARGET_NAME)";
				SWIFT_EMIT_LOC_STRINGS = NO;
				SWIFT_VERSION = 5.0;
				TARGETED_DEVICE_FAMILY = "1,2";
			};
			name = Release;
		};
/* End XCBuildConfiguration section */

/* Begin XCConfigurationList section */
		B5C3988E2B56C2BD00C44508 /* Build configuration list for PBXProject "SwiftHeroes2024SwiftyMocky" */ = {
			isa = XCConfigurationList;
			buildConfigurations = (
				B5C398A42B56C2BE00C44508 /* Debug */,
				B5C398A52B56C2BE00C44508 /* Release */,
			);
			defaultConfigurationIsVisible = 0;
			defaultConfigurationName = Release;
		};
		B5C398A62B56C2BE00C44508 /* Build configuration list for PBXNativeTarget "SwiftHeroes2024SwiftyMocky" */ = {
			isa = XCConfigurationList;
			buildConfigurations = (
				B5C398A72B56C2BE00C44508 /* Debug */,
				B5C398A82B56C2BE00C44508 /* Release */,
			);
			defaultConfigurationIsVisible = 0;
			defaultConfigurationName = Release;
		};
		B5C398A92B56C2BE00C44508 /* Build configuration list for PBXNativeTarget "SwiftHeroes2024SwiftyMockyTests" */ = {
			isa = XCConfigurationList;
			buildConfigurations = (
				B5C398AA2B56C2BE00C44508 /* Debug */,
				B5C398AB2B56C2BE00C44508 /* Release */,
			);
			defaultConfigurationIsVisible = 0;
			defaultConfigurationName = Release;
		};
/* End XCConfigurationList section */
	};
	rootObject = B5C3988B2B56C2BD00C44508 /* Project object */;
}
